
Microsoft Visual Studio Solution File, Format Version 12.00
# Visual Studio Version 17
VisualStudioVersion = 17.0.31903.59
MinimumVisualStudioVersion = 10.0.40219.1
Project("{2150E333-8FDC-42A3-9474-1A3956D46DE8}") = "src", "src", "{827E0CD3-B72D-47B6-A68D-7590B98EB39B}"
EndProject
Project("{FAE04EC0-301F-11D3-BF4B-00C04F79EFBC}") = "StaticBit.Xrpl.Mcp.Abstractions", "src\StaticBit.Xrpl.Mcp.Abstractions\StaticBit.Xrpl.Mcp.Abstractions.csproj", "{779851DF-F0C2-437F-8F34-4CBB752A21D7}"
EndProject
Project("{FAE04EC0-301F-11D3-BF4B-00C04F79EFBC}") = "StaticBit.Xrpl.Mcp.Core", "src\StaticBit.Xrpl.Mcp.Core\StaticBit.Xrpl.Mcp.Core.csproj", "{873C350F-BD98-4AF4-BD2C-D1853A0899E3}"
EndProject
Project("{FAE04EC0-301F-11D3-BF4B-00C04F79EFBC}") = "StaticBit.Xrpl.Mcp.Server", "src\StaticBit.Xrpl.Mcp.Server\StaticBit.Xrpl.Mcp.Server.csproj", "{1D97D319-82BD-4DD6-8448-BDD4D9913B72}"
EndProject
Project("{2150E333-8FDC-42A3-9474-1A3956D46DE8}") = "tests", "tests", "{0AB3BF05-4346-4AA6-1389-037BE0695223}"
EndProject
Project("{FAE04EC0-301F-11D3-BF4B-00C04F79EFBC}") = "StaticBit.Xrpl.Mcp.Core.Tests", "tests\StaticBit.Xrpl.Mcp.Core.Tests\StaticBit.Xrpl.Mcp.Core.Tests.csproj", "{9A59327F-6989-4D60-AE89-2B1A27189531}"
EndProject
Project("{FAE04EC0-301F-11D3-BF4B-00C04F79EFBC}") = "StaticBit.Xrpl.Mcp.Server.Tests", "tests\StaticBit.Xrpl.Mcp.Server.Tests\StaticBit.Xrpl.Mcp.Server.Tests.csproj", "{F1D1BBE7-0766-4C85-BC76-ABF2481898B2}"
EndProject
Project("{FAE04EC0-301F-11D3-BF4B-00C04F79EFBC}") = "StaticBit.Xrpl.Mcp.Signer", "src\StaticBit.Xrpl.Mcp.Signer\StaticBit.Xrpl.Mcp.Signer.csproj", "{AEB9A361-C2F0-49DE-9255-30205B57B9D5}"
EndProject
Project("{FAE04EC0-301F-11D3-BF4B-00C04F79EFBC}") = "StaticBit.Xrpl.Mcp.Signer.Tests", "tests\StaticBit.Xrpl.Mcp.Signer.Tests\StaticBit.Xrpl.Mcp.Signer.Tests.csproj", "{67742C3A-8F94-46C7-9D5B-EA9521DDDDD9}"
EndProject
Project("{2150E333-8FDC-42A3-9474-1A3956D46DE8}") = "tools", "tools", "{07C2787E-EAC7-C090-1BA3-A61EC2A24D84}"
EndProject
Project("{FAE04EC0-301F-11D3-BF4B-00C04F79EFBC}") = "SchemaGen", "tools\SchemaGen\SchemaGen.csproj", "{CCBE03CA-0A56-401A-87C9-190CBCD7CB71}"
EndProject
Project("{FAE04EC0-301F-11D3-BF4B-00C04F79EFBC}") = "StaticBit.Xrpl.Mcp.Integration.Tests", "tests\StaticBit.Xrpl.Mcp.Integration.Tests\StaticBit.Xrpl.Mcp.Integration.Tests.csproj", "{D3ACD03A-CDBD-49BE-88BA-098D06B00BD4}"
EndProject
Global
	GlobalSection(SolutionConfigurationPlatforms) = preSolution
		Debug|Any CPU = Debug|Any CPU
		Debug|x64 = Debug|x64
		Debug|x86 = Debug|x86
		Release|Any CPU = Release|Any CPU
		Release|x64 = Release|x64
		Release|x86 = Release|x86
	EndGlobalSection
	GlobalSection(ProjectConfigurationPlatforms) = postSolution
		{779851DF-F0C2-437F-8F34-4CBB752A21D7}.Debug|Any CPU.ActiveCfg = Debug|Any CPU
		{779851DF-F0C2-437F-8F34-4CBB752A21D7}.Debug|Any CPU.Build.0 = Debug|Any CPU
		{779851DF-F0C2-437F-8F34-4CBB752A21D7}.Debug|x64.ActiveCfg = Debug|Any CPU
		{779851DF-F0C2-437F-8F34-4CBB752A21D7}.Debug|x64.Build.0 = Debug|Any CPU
		{779851DF-F0C2-437F-8F34-4CBB752A21D7}.Debug|x86.ActiveCfg = Debug|Any CPU
		{779851DF-F0C2-437F-8F34-4CBB752A21D7}.Debug|x86.Build.0 = Debug|Any CPU
		{779851DF-F0C2-437F-8F34-4CBB752A21D7}.Release|Any CPU.ActiveCfg = Release|Any CPU
		{779851DF-F0C2-437F-8F34-4CBB752A21D7}.Release|Any CPU.Build.0 = Release|Any CPU
		{779851DF-F0C2-437F-8F34-4CBB752A21D7}.Release|x64.ActiveCfg = Release|Any CPU
		{779851DF-F0C2-437F-8F34-4CBB752A21D7}.Release|x64.Build.0 = Release|Any CPU
		{779851DF-F0C2-437F-8F34-4CBB752A21D7}.Release|x86.ActiveCfg = Release|Any CPU
		{779851DF-F0C2-437F-8F34-4CBB752A21D7}.Release|x86.Build.0 = Release|Any CPU
		{873C350F-BD98-4AF4-BD2C-D1853A0899E3}.Debug|Any CPU.ActiveCfg = Debug|Any CPU
		{873C350F-BD98-4AF4-BD2C-D1853A0899E3}.Debug|Any CPU.Build.0 = Debug|Any CPU
		{873C350F-BD98-4AF4-BD2C-D1853A0899E3}.Debug|x64.ActiveCfg = Debug|Any CPU
		{873C350F-BD98-4AF4-BD2C-D1853A0899E3}.Debug|x64.Build.0 = Debug|Any CPU
		{873C350F-BD98-4AF4-BD2C-D1853A0899E3}.Debug|x86.ActiveCfg = Debug|Any CPU
		{873C350F-BD98-4AF4-BD2C-D1853A0899E3}.Debug|x86.Build.0 = Debug|Any CPU
		{873C350F-BD98-4AF4-BD2C-D1853A0899E3}.Release|Any CPU.ActiveCfg = Release|Any CPU
		{873C350F-BD98-4AF4-BD2C-D1853A0899E3}.Release|Any CPU.Build.0 = Release|Any CPU
		{873C350F-BD98-4AF4-BD2C-D1853A0899E3}.Release|x64.ActiveCfg = Release|Any CPU
		{873C350F-BD98-4AF4-BD2C-D1853A0899E3}.Release|x64.Build.0 = Release|Any CPU
		{873C350F-BD98-4AF4-BD2C-D1853A0899E3}.Release|x86.ActiveCfg = Release|Any CPU
		{873C350F-BD98-4AF4-BD2C-D1853A0899E3}.Release|x86.Build.0 = Release|Any CPU
		{1D97D319-82BD-4DD6-8448-BDD4D9913B72}.Debug|Any CPU.ActiveCfg = Debug|Any CPU
		{1D97D319-82BD-4DD6-8448-BDD4D9913B72}.Debug|Any CPU.Build.0 = Debug|Any CPU
		{1D97D319-82BD-4DD6-8448-BDD4D9913B72}.Debug|x64.ActiveCfg = Debug|Any CPU
		{1D97D319-82BD-4DD6-8448-BDD4D9913B72}.Debug|x64.Build.0 = Debug|Any CPU
		{1D97D319-82BD-4DD6-8448-BDD4D9913B72}.Debug|x86.ActiveCfg = Debug|Any CPU
		{1D97D319-82BD-4DD6-8448-BDD4D9913B72}.Debug|x86.Build.0 = Debug|Any CPU
		{1D97D319-82BD-4DD6-8448-BDD4D9913B72}.Release|Any CPU.ActiveCfg = Release|Any CPU
		{1D97D319-82BD-4DD6-8448-BDD4D9913B72}.Release|Any CPU.Build.0 = Release|Any CPU
		{1D97D319-82BD-4DD6-8448-BDD4D9913B72}.Release|x64.ActiveCfg = Release|Any CPU
		{1D97D319-82BD-4DD6-8448-BDD4D9913B72}.Release|x64.Build.0 = Release|Any CPU
		{1D97D319-82BD-4DD6-8448-BDD4D9913B72}.Release|x86.ActiveCfg = Release|Any CPU
		{1D97D319-82BD-4DD6-8448-BDD4D9913B72}.Release|x86.Build.0 = Release|Any CPU
		{9A59327F-6989-4D60-AE89-2B1A27189531}.Debug|Any CPU.ActiveCfg = Debug|Any CPU
		{9A59327F-6989-4D60-AE89-2B1A27189531}.Debug|Any CPU.Build.0 = Debug|Any CPU
		{9A59327F-6989-4D60-AE89-2B1A27189531}.Debug|x64.ActiveCfg = Debug|Any CPU
		{9A59327F-6989-4D60-AE89-2B1A27189531}.Debug|x64.Build.0 = Debug|Any CPU
		{9A59327F-6989-4D60-AE89-2B1A27189531}.Debug|x86.ActiveCfg = Debug|Any CPU
		{9A59327F-6989-4D60-AE89-2B1A27189531}.Debug|x86.Build.0 = Debug|Any CPU
		{9A59327F-6989-4D60-AE89-2B1A27189531}.Release|Any CPU.ActiveCfg = Release|Any CPU
		{9A59327F-6989-4D60-AE89-2B1A27189531}.Release|Any CPU.Build.0 = Release|Any CPU
		{9A59327F-6989-4D60-AE89-2B1A27189531}.Release|x64.ActiveCfg = Release|Any CPU
		{9A59327F-6989-4D60-AE89-2B1A27189531}.Release|x64.Build.0 = Release|Any CPU
		{9A59327F-6989-4D60-AE89-2B1A27189531}.Release|x86.ActiveCfg = Release|Any CPU
		{9A59327F-6989-4D60-AE89-2B1A27189531}.Release|x86.Build.0 = Release|Any CPU
		{F1D1BBE7-0766-4C85-BC76-ABF2481898B2}.Debug|Any CPU.ActiveCfg = Debug|Any CPU
		{F1D1BBE7-0766-4C85-BC76-ABF2481898B2}.Debug|Any CPU.Build.0 = Debug|Any CPU
		{F1D1BBE7-0766-4C85-BC76-ABF2481898B2}.Debug|x64.ActiveCfg = Debug|Any CPU
		{F1D1BBE7-0766-4C85-BC76-ABF2481898B2}.Debug|x64.Build.0 = Debug|Any CPU
		{F1D1BBE7-0766-4C85-BC76-ABF2481898B2}.Debug|x86.ActiveCfg = Debug|Any CPU
		{F1D1BBE7-0766-4C85-BC76-ABF2481898B2}.Debug|x86.Build.0 = Debug|Any CPU
		{F1D1BBE7-0766-4C85-BC76-ABF2481898B2}.Release|Any CPU.ActiveCfg = Release|Any CPU
		{F1D1BBE7-0766-4C85-BC76-ABF2481898B2}.Release|Any CPU.Build.0 = Release|Any CPU
		{F1D1BBE7-0766-4C85-BC76-ABF2481898B2}.Release|x64.ActiveCfg = Release|Any CPU
		{F1D1BBE7-0766-4C85-BC76-ABF2481898B2}.Release|x64.Build.0 = Release|Any CPU
		{F1D1BBE7-0766-4C85-BC76-ABF2481898B2}.Release|x86.ActiveCfg = Release|Any CPU
		{F1D1BBE7-0766-4C85-BC76-ABF2481898B2}.Release|x86.Build.0 = Release|Any CPU
		{AEB9A361-C2F0-49DE-9255-30205B57B9D5}.Debug|Any CPU.ActiveCfg = Debug|Any CPU
		{AEB9A361-C2F0-49DE-9255-30205B57B9D5}.Debug|Any CPU.Build.0 = Debug|Any CPU
		{AEB9A361-C2F0-49DE-9255-30205B57B9D5}.Debug|x64.ActiveCfg = Debug|Any CPU
		{AEB9A361-C2F0-49DE-9255-30205B57B9D5}.Debug|x64.Build.0 = Debug|Any CPU
		{AEB9A361-C2F0-49DE-9255-30205B57B9D5}.Debug|x86.ActiveCfg = Debug|Any CPU
		{AEB9A361-C2F0-49DE-9255-30205B57B9D5}.Debug|x86.Build.0 = Debug|Any CPU
		{AEB9A361-C2F0-49DE-9255-30205B57B9D5}.Release|Any CPU.ActiveCfg = Release|Any CPU
		{AEB9A361-C2F0-49DE-9255-30205B57B9D5}.Release|Any CPU.Build.0 = Release|Any CPU
		{AEB9A361-C2F0-49DE-9255-30205B57B9D5}.Release|x64.ActiveCfg = Release|Any CPU
		{AEB9A361-C2F0-49DE-9255-30205B57B9D5}.Release|x64.Build.0 = Release|Any CPU
		{AEB9A361-C2F0-49DE-9255-30205B57B9D5}.Release|x86.ActiveCfg = Release|Any CPU
		{AEB9A361-C2F0-49DE-9255-30205B57B9D5}.Release|x86.Build.0 = Release|Any CPU
		{67742C3A-8F94-46C7-9D5B-EA9521DDDDD9}.Debug|Any CPU.ActiveCfg = Debug|Any CPU
		{67742C3A-8F94-46C7-9D5B-EA9521DDDDD9}.Debug|Any CPU.Build.0 = Debug|Any CPU
		{67742C3A-8F94-46C7-9D5B-EA9521DDDDD9}.Debug|x64.ActiveCfg = Debug|Any CPU
		{67742C3A-8F94-46C7-9D5B-EA9521DDDDD9}.Debug|x64.Build.0 = Debug|Any CPU
		{67742C3A-8F94-46C7-9D5B-EA9521DDDDD9}.Debug|x86.ActiveCfg = Debug|Any CPU
		{67742C3A-8F94-46C7-9D5B-EA9521DDDDD9}.Debug|x86.Build.0 = Debug|Any CPU
		{67742C3A-8F94-46C7-9D5B-EA9521DDDDD9}.Release|Any CPU.ActiveCfg = Release|Any CPU
		{67742C3A-8F94-46C7-9D5B-EA9521DDDDD9}.Release|Any CPU.Build.0 = Release|Any CPU
		{67742C3A-8F94-46C7-9D5B-EA9521DDDDD9}.Release|x64.ActiveCfg = Release|Any CPU
		{67742C3A-8F94-46C7-9D5B-EA9521DDDDD9}.Release|x64.Build.0 = Release|Any CPU
		{67742C3A-8F94-46C7-9D5B-EA9521DDDDD9}.Release|x86.ActiveCfg = Release|Any CPU
		{67742C3A-8F94-46C7-9D5B-EA9521DDDDD9}.Release|x86.Build.0 = Release|Any CPU
		{CCBE03CA-0A56-401A-87C9-190CBCD7CB71}.Debug|Any CPU.ActiveCfg = Debug|Any CPU
		{CCBE03CA-0A56-401A-87C9-190CBCD7CB71}.Debug|Any CPU.Build.0 = Debug|Any CPU
		{CCBE03CA-0A56-401A-87C9-190CBCD7CB71}.Debug|x64.ActiveCfg = Debug|Any CPU
		{CCBE03CA-0A56-401A-87C9-190CBCD7CB71}.Debug|x64.Build.0 = Debug|Any CPU
		{CCBE03CA-0A56-401A-87C9-190CBCD7CB71}.Debug|x86.ActiveCfg = Debug|Any CPU
		{CCBE03CA-0A56-401A-87C9-190CBCD7CB71}.Debug|x86.Build.0 = Debug|Any CPU
		{CCBE03CA-0A56-401A-87C9-190CBCD7CB71}.Release|Any CPU.ActiveCfg = Release|Any CPU
		{CCBE03CA-0A56-401A-87C9-190CBCD7CB71}.Release|Any CPU.Build.0 = Release|Any CPU
		{CCBE03CA-0A56-401A-87C9-190CBCD7CB71}.Release|x64.ActiveCfg = Release|Any CPU
		{CCBE03CA-0A56-401A-87C9-190CBCD7CB71}.Release|x64.Build.0 = Release|Any CPU
		{CCBE03CA-0A56-401A-87C9-190CBCD7CB71}.Release|x86.ActiveCfg = Release|Any CPU
		{CCBE03CA-0A56-401A-87C9-190CBCD7CB71}.Release|x86.Build.0 = Release|Any CPU
		{D3ACD03A-CDBD-49BE-88BA-098D06B00BD4}.Debug|Any CPU.ActiveCfg = Debug|Any CPU
		{D3ACD03A-CDBD-49BE-88BA-098D06B00BD4}.Debug|Any CPU.Build.0 = Debug|Any CPU
		{D3ACD03A-CDBD-49BE-88BA-098D06B00BD4}.Debug|x64.ActiveCfg = Debug|Any CPU
		{D3ACD03A-CDBD-49BE-88BA-098D06B00BD4}.Debug|x64.Build.0 = Debug|Any CPU
		{D3ACD03A-CDBD-49BE-88BA-098D06B00BD4}.Debug|x86.ActiveCfg = Debug|Any CPU
		{D3ACD03A-CDBD-49BE-88BA-098D06B00BD4}.Debug|x86.Build.0 = Debug|Any CPU
		{D3ACD03A-CDBD-49BE-88BA-098D06B00BD4}.Release|Any CPU.ActiveCfg = Release|Any CPU
		{D3ACD03A-CDBD-49BE-88BA-098D06B00BD4}.Release|Any CPU.Build.0 = Release|Any CPU
		{D3ACD03A-CDBD-49BE-88BA-098D06B00BD4}.Release|x64.ActiveCfg = Release|Any CPU
		{D3ACD03A-CDBD-49BE-88BA-098D06B00BD4}.Release|x64.Build.0 = Release|Any CPU
		{D3ACD03A-CDBD-49BE-88BA-098D06B00BD4}.Release|x86.ActiveCfg = Release|Any CPU
		{D3ACD03A-CDBD-49BE-88BA-098D06B00BD4}.Release|x86.Build.0 = Release|Any CPU
	EndGlobalSection
	GlobalSection(SolutionProperties) = preSolution
		HideSolutionNode = FALSE
	EndGlobalSection
	GlobalSection(NestedProjects) = preSolution
		{779851DF-F0C2-437F-8F34-4CBB752A21D7} = {827E0CD3-B72D-47B6-A68D-7590B98EB39B}
		{873C350F-BD98-4AF4-BD2C-D1853A0899E3} = {827E0CD3-B72D-47B6-A68D-7590B98EB39B}
		{1D97D319-82BD-4DD6-8448-BDD4D9913B72} = {827E0CD3-B72D-47B6-A68D-7590B98EB39B}
		{9A59327F-6989-4D60-AE89-2B1A27189531} = {0AB3BF05-4346-4AA6-1389-037BE0695223}
		{F1D1BBE7-0766-4C85-BC76-ABF2481898B2} = {0AB3BF05-4346-4AA6-1389-037BE0695223}
		{AEB9A361-C2F0-49DE-9255-30205B57B9D5} = {827E0CD3-B72D-47B6-A68D-7590B98EB39B}
		{67742C3A-8F94-46C7-9D5B-EA9521DDDDD9} = {0AB3BF05-4346-4AA6-1389-037BE0695223}
		{CCBE03CA-0A56-401A-87C9-190CBCD7CB71} = {07C2787E-EAC7-C090-1BA3-A61EC2A24D84}
		{D3ACD03A-CDBD-49BE-88BA-098D06B00BD4} = {0AB3BF05-4346-4AA6-1389-037BE0695223}
	EndGlobalSection
EndGlobal
